<?xml version="1.0" encoding="utf-8"?>
<Project ToolsVersion="4.0" xmlns="http://schemas.microsoft.com/developer/msbuild/2003">
  <ItemGroup>
    <Filter Include="소스 파일">
      <UniqueIdentifier>{4FC737F1-C7A5-4376-A066-2A32D752A2FF}</UniqueIdentifier>
      <Extensions>cpp;c;cc;cxx;def;odl;idl;hpj;bat;asm;asmx</Extensions>
    </Filter>
    <Filter Include="헤더 파일">
      <UniqueIdentifier>{93995380-89BD-4b04-88EB-625FBE52EBFB}</UniqueIdentifier>
      <Extensions>h;hh;hpp;hxx;hm;inl;inc;xsd</Extensions>
    </Filter>
    <Filter Include="리소스 파일">
      <UniqueIdentifier>{67DA6AB6-F800-4c08-8B7A-83BB121AAD01}</UniqueIdentifier>
      <Extensions>rc;ico;cur;bmp;dlg;rc2;rct;bin;rgs;gif;jpg;jpeg;jpe;resx;tiff;tif;png;wav;mfcribbon-ms</Extensions>
    </Filter>
    <Filter Include="99. Header">
      <UniqueIdentifier>{550ce069-7271-481c-9319-187a6a06039f}</UniqueIdentifier>
    </Filter>
    <Filter Include="00. MainGame">
      <UniqueIdentifier>{6bbaf40b-82ac-48d6-9e5a-678556f53f30}</UniqueIdentifier>
    </Filter>
    <Filter Include="01. Obj">
      <UniqueIdentifier>{3530ae0f-8e52-4ab8-81ab-70b82ab20347}</UniqueIdentifier>
    </Filter>
    <Filter Include="01. Obj\00. Player">
      <UniqueIdentifier>{56e5ede6-061c-4213-b1d7-74559ee55d64}</UniqueIdentifier>
    </Filter>
    <Filter Include="01. Obj\01. Bullet">
      <UniqueIdentifier>{e63855c8-1828-4234-aa19-4ead082d539d}</UniqueIdentifier>
    </Filter>
    <Filter Include="01. Obj\02. Monster">
      <UniqueIdentifier>{189b33d5-12e3-482d-bec3-ff6842bcfac2}</UniqueIdentifier>
    </Filter>
    <Filter Include="01. Obj\03. Mouse">
      <UniqueIdentifier>{bde1ee50-584b-4104-a539-d6519e5d3a87}</UniqueIdentifier>
    </Filter>
    <Filter Include="02. Manager">
      <UniqueIdentifier>{5eb8832c-69ba-45ff-a7d0-0e0ddd52d235}</UniqueIdentifier>
    </Filter>
    <Filter Include="02. Manager\00. CollisionMgr">
      <UniqueIdentifier>{7adec76e-f742-49e5-9282-148bcb287c6a}</UniqueIdentifier>
    </Filter>
    <Filter Include="01. Obj\04. Shield">
      <UniqueIdentifier>{e05933cd-1058-4bd3-89b8-d1c44e3d1d5a}</UniqueIdentifier>
    </Filter>
    <Filter Include="01. Obj\05. ScrewBullet">
      <UniqueIdentifier>{c6944d2c-43ef-4be4-b77a-76040e6a4a93}</UniqueIdentifier>
    </Filter>
    <Filter Include="02. Manager\01. ObjMgr">
      <UniqueIdentifier>{605f1a26-9b49-4a73-abee-06eacde2fc3b}</UniqueIdentifier>
    </Filter>
    <Filter Include="01. Obj\06. GuideBullet">
      <UniqueIdentifier>{18893981-97f0-465a-bb04-2bc530e3a544}</UniqueIdentifier>
    </Filter>
    <Filter Include="02. Line">
      <UniqueIdentifier>{2663388f-5eb8-4743-8b8c-d1040e44c929}</UniqueIdentifier>
    </Filter>
    <Filter Include="02. Manager\02. LineMgr">
      <UniqueIdentifier>{3b112ae2-1333-4b25-8d7b-620a7b89f5b8}</UniqueIdentifier>
    </Filter>
    <Filter Include="02. Manager\03. KeyMgr">
      <UniqueIdentifier>{90ea1024-5b93-41c8-9609-31c3225786df}</UniqueIdentifier>
    </Filter>
  </ItemGroup>
  <ItemGroup>
    <Text Include="ReadMe.txt" />
  </ItemGroup>
  <ItemGroup>
    <ClInclude Include="stdafx.h">
      <Filter>헤더 파일</Filter>
    </ClInclude>
    <ClInclude Include="targetver.h">
      <Filter>헤더 파일</Filter>
    </ClInclude>
    <ClInclude Include="Resource.h">
      <Filter>헤더 파일</Filter>
    </ClInclude>
    <ClInclude Include="Frame124.h">
      <Filter>헤더 파일</Filter>
    </ClInclude>
    <ClInclude Include="MainGame.h">
      <Filter>00. MainGame</Filter>
    </ClInclude>
    <ClInclude Include="Obj.h">
      <Filter>01. Obj</Filter>
    </ClInclude>
    <ClInclude Include="Player.h">
      <Filter>01. Obj\00. Player</Filter>
    </ClInclude>
    <ClInclude Include="Bullet.h">
      <Filter>01. Obj\01. Bullet</Filter>
    </ClInclude>
    <ClInclude Include="AbstractFactory.h">
      <Filter>헤더 파일</Filter>
    </ClInclude>
    <ClInclude Include="Monster.h">
      <Filter>01. Obj\02. Monster</Filter>
    </ClInclude>
    <ClInclude Include="Mouse.h">
      <Filter>01. Obj\03. Mouse</Filter>
    </ClInclude>
    <ClInclude Include="CollisionMgr.h">
      <Filter>02. Manager\00. CollisionMgr</Filter>
    </ClInclude>
    <ClInclude Include="Shield.h">
      <Filter>01. Obj\04. Shield</Filter>
    </ClInclude>
    <ClInclude Include="ScrewBullet.h">
      <Filter>01. Obj\05. ScrewBullet</Filter>
    </ClInclude>
    <ClInclude Include="ObjMgr.h">
      <Filter>02. Manager\01. ObjMgr</Filter>
    </ClInclude>
    <ClInclude Include="GuideBullet.h">
      <Filter>01. Obj\06. GuideBullet</Filter>
    </ClInclude>
    <ClInclude Include="Line.h">
      <Filter>02. Line</Filter>
    </ClInclude>
    <ClInclude Include="LineMgr.h">
      <Filter>02. Manager\02. LineMgr</Filter>
    </ClInclude>
    <ClInclude Include="KeyMgr.h">
      <Filter>02. Manager\03. KeyMgr</Filter>
    </ClInclude>
    <ClInclude Include="..\Header\Define.h">
      <Filter>99. Header</Filter>
    </ClInclude>
    <ClInclude Include="..\Header\Enum.h">
      <Filter>99. Header</Filter>
    </ClInclude>
    <ClInclude Include="..\Header\Include.h">
      <Filter>99. Header</Filter>
    </ClInclude>
    <ClInclude Include="..\Header\Struct.h">
      <Filter>99. Header</Filter>
    </ClInclude>
  </ItemGroup>
  <ItemGroup>
    <ClCompile Include="stdafx.cpp">
      <Filter>소스 파일</Filter>
    </ClCompile>
    <ClCompile Include="Frame124.cpp">
      <Filter>소스 파일</Filter>
    </ClCompile>
    <ClCompile Include="MainGame.cpp">
      <Filter>00. MainGame</Filter>
    </ClCompile>
    <ClCompile Include="Obj.cpp">
      <Filter>01. Obj</Filter>
    </ClCompile>
    <ClCompile Include="Player.cpp">
      <Filter>01. Obj\00. Player</Filter>
    </ClCompile>
    <ClCompile Include="Bullet.cpp">
      <Filter>01. Obj\01. Bullet</Filter>
    </ClCompile>
    <ClCompile Include="Monster.cpp">
      <Filter>01. Obj\02. Monster</Filter>
    </ClCompile>
    <ClCompile Include="Mouse.cpp">
      <Filter>01. Obj\03. Mouse</Filter>
    </ClCompile>
    <ClCompile Include="CollisionMgr.cpp">
      <Filter>02. Manager\00. CollisionMgr</Filter>
    </ClCompile>
    <ClCompile Include="Shield.cpp">
      <Filter>01. Obj\04. Shield</Filter>
    </ClCompile>
    <ClCompile Include="ScrewBullet.cpp">
      <Filter>01. Obj\05. ScrewBullet</Filter>
    </ClCompile>
    <ClCompile Include="ObjMgr.cpp">
      <Filter>02. Manager\01. ObjMgr</Filter>
    </ClCompile>
    <ClCompile Include="GuideBullet.cpp">
      <Filter>01. Obj\06. GuideBullet</Filter>
    </ClCompile>
    <ClCompile Include="Line.cpp">
      <Filter>02. Line</Filter>
    </ClCompile>
    <ClCompile Include="LineMgr.cpp">
      <Filter>02. Manager\02. LineMgr</Filter>
    </ClCompile>
    <ClCompile Include="KeyMgr.cpp">
      <Filter>02. Manager\03. KeyMgr</Filter>
    </ClCompile>
  </ItemGroup>
  <ItemGroup>
    <ResourceCompile Include="Frame124.rc">
      <Filter>리소스 파일</Filter>
    </ResourceCompile>
  </ItemGroup>
  <ItemGroup>
    <Image Include="small.ico">
      <Filter>리소스 파일</Filter>
    </Image>
    <Image Include="Frame124.ico">
      <Filter>리소스 파일</Filter>
    </Image>
  </ItemGroup>
</Project>